// !$*UTF8*$!
{
	archiveVersion = 1;
	classes = {
	};
	objectVersion = 50;
	objects = {

/* Begin PBXBuildFile section */
		6DBF7213237EA98900AA49F6 /* AppDelegate.m in Sources */ = {isa = PBXBuildFile; fileRef = 6DBF7212237EA98900AA49F6 /* AppDelegate.m */; };
		6DBF7216237EA98900AA49F6 /* SceneDelegate.m in Sources */ = {isa = PBXBuildFile; fileRef = 6DBF7215237EA98900AA49F6 /* SceneDelegate.m */; };
		6DBF7219237EA98900AA49F6 /* ViewController.m in Sources */ = {isa = PBXBuildFile; fileRef = 6DBF7218237EA98900AA49F6 /* ViewController.m */; };
		6DBF721C237EA98900AA49F6 /* Main.storyboard in Resources */ = {isa = PBXBuildFile; fileRef = 6DBF721A237EA98900AA49F6 /* Main.storyboard */; };
		6DBF721E237EA98C00AA49F6 /* Assets.xcassets in Resources */ = {isa = PBXBuildFile; fileRef = 6DBF721D237EA98C00AA49F6 /* Assets.xcassets */; };
		6DBF7221237EA98C00AA49F6 /* LaunchScreen.storyboard in Resources */ = {isa = PBXBuildFile; fileRef = 6DBF721F237EA98C00AA49F6 /* LaunchScreen.storyboard */; };
		6DBF7224237EA98C00AA49F6 /* main.m in Sources */ = {isa = PBXBuildFile; fileRef = 6DBF7223237EA98C00AA49F6 /* main.m */; };
		6DBF723D237EA9CD00AA49F6 /* TKBaseAudio.m in Sources */ = {isa = PBXBuildFile; fileRef = 6DBF722B237EA9CD00AA49F6 /* TKBaseAudio.m */; };
		6DBF723E237EA9CD00AA49F6 /* TKFAudioSession.m in Sources */ = {isa = PBXBuildFile; fileRef = 6DBF722C237EA9CD00AA49F6 /* TKFAudioSession.m */; };
		6DBF723F237EA9CD00AA49F6 /* TKFMixerAudioPlayer.m in Sources */ = {isa = PBXBuildFile; fileRef = 6DBF722D237EA9CD00AA49F6 /* TKFMixerAudioPlayer.m */; };
		6DBF7241237EA9CD00AA49F6 /* AVAudioSession+RouteUtils.m in Sources */ = {isa = PBXBuildFile; fileRef = 6DBF722F237EA9CD00AA49F6 /* AVAudioSession+RouteUtils.m */; };
		6DBF7242237EA9CD00AA49F6 /* TKFKTVRecordPlayer.m in Sources */ = {isa = PBXBuildFile; fileRef = 6DBF7232237EA9CD00AA49F6 /* TKFKTVRecordPlayer.m */; };
		6DBF7244237EA9CD00AA49F6 /* TKFAudioPlayer.m in Sources */ = {isa = PBXBuildFile; fileRef = 6DBF7236237EA9CD00AA49F6 /* TKFAudioPlayer.m */; };
		6DBF7249237EAA1600AA49F6 /* output.aac in Resources */ = {isa = PBXBuildFile; fileRef = 6DBF7247237EAA1500AA49F6 /* output.aac */; };
		6DBF724A237EAA1600AA49F6 /* beatsMono.caf in Resources */ = {isa = PBXBuildFile; fileRef = 6DBF7248237EAA1600AA49F6 /* beatsMono.caf */; };
/* End PBXBuildFile section */

/* Begin PBXFileReference section */
		6DBF720E237EA98900AA49F6 /* AudioVideoDemo.app */ = {isa = PBXFileReference; explicitFileType = wrapper.application; includeInIndex = 0; path = AudioVideoDemo.app; sourceTree = BUILT_PRODUCTS_DIR; };
		6DBF7211237EA98900AA49F6 /* AppDelegate.h */ = {isa = PBXFileReference; lastKnownFileType = sourcecode.c.h; path = AppDelegate.h; sourceTree = "<group>"; };
		6DBF7212237EA98900AA49F6 /* AppDelegate.m */ = {isa = PBXFileReference; lastKnownFileType = sourcecode.c.objc; path = AppDelegate.m; sourceTree = "<group>"; };
		6DBF7214237EA98900AA49F6 /* SceneDelegate.h */ = {isa = PBXFileReference; lastKnownFileType = sourcecode.c.h; path = SceneDelegate.h; sourceTree = "<group>"; };
		6DBF7215237EA98900AA49F6 /* SceneDelegate.m */ = {isa = PBXFileReference; lastKnownFileType = sourcecode.c.objc; path = SceneDelegate.m; sourceTree = "<group>"; };
		6DBF7217237EA98900AA49F6 /* ViewController.h */ = {isa = PBXFileReference; lastKnownFileType = sourcecode.c.h; path = ViewController.h; sourceTree = "<group>"; };
		6DBF7218237EA98900AA49F6 /* ViewController.m */ = {isa = PBXFileReference; lastKnownFileType = sourcecode.c.objc; path = ViewController.m; sourceTree = "<group>"; };
		6DBF721B237EA98900AA49F6 /* Base */ = {isa = PBXFileReference; lastKnownFileType = file.storyboard; name = Base; path = Base.lproj/Main.storyboard; sourceTree = "<group>"; };
		6DBF721D237EA98C00AA49F6 /* Assets.xcassets */ = {isa = PBXFileReference; lastKnownFileType = folder.assetcatalog; path = Assets.xcassets; sourceTree = "<group>"; };
		6DBF7220237EA98C00AA49F6 /* Base */ = {isa = PBXFileReference; lastKnownFileType = file.storyboard; name = Base; path = Base.lproj/LaunchScreen.storyboard; sourceTree = "<group>"; };
		6DBF7222237EA98C00AA49F6 /* Info.plist */ = {isa = PBXFileReference; lastKnownFileType = text.plist.xml; path = Info.plist; sourceTree = "<group>"; };
		6DBF7223237EA98C00AA49F6 /* main.m */ = {isa = PBXFileReference; lastKnownFileType = sourcecode.c.objc; path = main.m; sourceTree = "<group>"; };
		6DBF722B237EA9CD00AA49F6 /* TKBaseAudio.m */ = {isa = PBXFileReference; fileEncoding = 4; lastKnownFileType = sourcecode.c.objc; path = TKBaseAudio.m; sourceTree = "<group>"; };
		6DBF722C237EA9CD00AA49F6 /* TKFAudioSession.m */ = {isa = PBXFileReference; fileEncoding = 4; lastKnownFileType = sourcecode.c.objc; path = TKFAudioSession.m; sourceTree = "<group>"; };
		6DBF722D237EA9CD00AA49F6 /* TKFMixerAudioPlayer.m */ = {isa = PBXFileReference; fileEncoding = 4; lastKnownFileType = sourcecode.c.objc; path = TKFMixerAudioPlayer.m; sourceTree = "<group>"; };
		6DBF722F237EA9CD00AA49F6 /* AVAudioSession+RouteUtils.m */ = {isa = PBXFileReference; fileEncoding = 4; lastKnownFileType = sourcecode.c.objc; path = "AVAudioSession+RouteUtils.m"; sourceTree = "<group>"; };
		6DBF7231237EA9CD00AA49F6 /* TKFAudioPlayer.h */ = {isa = PBXFileReference; fileEncoding = 4; lastKnownFileType = sourcecode.c.h; path = TKFAudioPlayer.h; sourceTree = "<group>"; };
		6DBF7232237EA9CD00AA49F6 /* TKFKTVRecordPlayer.m */ = {isa = PBXFileReference; fileEncoding = 4; lastKnownFileType = sourcecode.c.objc; path = TKFKTVRecordPlayer.m; sourceTree = "<group>"; };
		6DBF7234237EA9CD00AA49F6 /* TKBaseAudio.h */ = {isa = PBXFileReference; fileEncoding = 4; lastKnownFileType = sourcecode.c.h; path = TKBaseAudio.h; sourceTree = "<group>"; };
		6DBF7236237EA9CD00AA49F6 /* TKFAudioPlayer.m */ = {isa = PBXFileReference; fileEncoding = 4; lastKnownFileType = sourcecode.c.objc; path = TKFAudioPlayer.m; sourceTree = "<group>"; };
		6DBF7237237EA9CD00AA49F6 /* TKFKTVRecordPlayer.h */ = {isa = PBXFileReference; fileEncoding = 4; lastKnownFileType = sourcecode.c.h; path = TKFKTVRecordPlayer.h; sourceTree = "<group>"; };
		6DBF7239237EA9CD00AA49F6 /* AVAudioSession+RouteUtils.h */ = {isa = PBXFileReference; fileEncoding = 4; lastKnownFileType = sourcecode.c.h; path = "AVAudioSession+RouteUtils.h"; sourceTree = "<group>"; };
		6DBF723B237EA9CD00AA49F6 /* TKFMixerAudioPlayer.h */ = {isa = PBXFileReference; fileEncoding = 4; lastKnownFileType = sourcecode.c.h; path = TKFMixerAudioPlayer.h; sourceTree = "<group>"; };
		6DBF723C237EA9CD00AA49F6 /* TKFAudioSession.h */ = {isa = PBXFileReference; fileEncoding = 4; lastKnownFileType = sourcecode.c.h; path = TKFAudioSession.h; sourceTree = "<group>"; };
		6DBF7247237EAA1500AA49F6 /* output.aac */ = {isa = PBXFileReference; lastKnownFileType = file; path = output.aac; sourceTree = "<group>"; };
		6DBF7248237EAA1600AA49F6 /* beatsMono.caf */ = {isa = PBXFileReference; lastKnownFileType = file; path = beatsMono.caf; sourceTree = "<group>"; };
/* End PBXFileReference section */

/* Begin PBXFrameworksBuildPhase section */
		6DBF720B237EA98900AA49F6 /* Frameworks */ = {
			isa = PBXFrameworksBuildPhase;
			buildActionMask = 2147483647;
			files = (
			);
			runOnlyForDeploymentPostprocessing = 0;
		};
/* End PBXFrameworksBuildPhase section */

/* Begin PBXGroup section */
		6DBF7205237EA98900AA49F6 = {
			isa = PBXGroup;
			children = (
				6DBF7210237EA98900AA49F6 /* AudioVideoDemo */,
				6DBF720F237EA98900AA49F6 /* Products */,
			);
			sourceTree = "<group>";
		};
		6DBF720F237EA98900AA49F6 /* Products */ = {
			isa = PBXGroup;
			children = (
				6DBF720E237EA98900AA49F6 /* AudioVideoDemo.app */,
			);
			name = Products;
			sourceTree = "<group>";
		};
		6DBF7210237EA98900AA49F6 /* AudioVideoDemo */ = {
			isa = PBXGroup;
			children = (
				6DBF724B237EB14C00AA49F6 /* Session */,
				6DBF7246237EAA0900AA49F6 /* Resource */,
				6DBF722A237EA9CD00AA49F6 /* AudioPlayer */,
				6DBF7211237EA98900AA49F6 /* AppDelegate.h */,
				6DBF7212237EA98900AA49F6 /* AppDelegate.m */,
				6DBF7214237EA98900AA49F6 /* SceneDelegate.h */,
				6DBF7215237EA98900AA49F6 /* SceneDelegate.m */,
				6DBF7217237EA98900AA49F6 /* ViewController.h */,
				6DBF7218237EA98900AA49F6 /* ViewController.m */,
				6DBF721A237EA98900AA49F6 /* Main.storyboard */,
				6DBF721D237EA98C00AA49F6 /* Assets.xcassets */,
				6DBF721F237EA98C00AA49F6 /* LaunchScreen.storyboard */,
				6DBF7222237EA98C00AA49F6 /* Info.plist */,
				6DBF7223237EA98C00AA49F6 /* main.m */,
			);
			path = AudioVideoDemo;
			sourceTree = "<group>";
		};
		6DBF722A237EA9CD00AA49F6 /* AudioPlayer */ = {
			isa = PBXGroup;
			children = (
				6DBF7234237EA9CD00AA49F6 /* TKBaseAudio.h */,
				6DBF722B237EA9CD00AA49F6 /* TKBaseAudio.m */,
				6DBF7231237EA9CD00AA49F6 /* TKFAudioPlayer.h */,
				6DBF7236237EA9CD00AA49F6 /* TKFAudioPlayer.m */,
				6DBF723B237EA9CD00AA49F6 /* TKFMixerAudioPlayer.h */,
				6DBF722D237EA9CD00AA49F6 /* TKFMixerAudioPlayer.m */,
				6DBF7237237EA9CD00AA49F6 /* TKFKTVRecordPlayer.h */,
				6DBF7232237EA9CD00AA49F6 /* TKFKTVRecordPlayer.m */,
			);
			path = AudioPlayer;
			sourceTree = "<group>";
		};
		6DBF7246237EAA0900AA49F6 /* Resource */ = {
			isa = PBXGroup;
			children = (
				6DBF7248237EAA1600AA49F6 /* beatsMono.caf */,
				6DBF7247237EAA1500AA49F6 /* output.aac */,
			);
			path = Resource;
			sourceTree = "<group>";
		};
		6DBF724B237EB14C00AA49F6 /* Session */ = {
			isa = PBXGroup;
			children = (
				6DBF7239237EA9CD00AA49F6 /* AVAudioSession+RouteUtils.h */,
				6DBF722F237EA9CD00AA49F6 /* AVAudioSession+RouteUtils.m */,
				6DBF723C237EA9CD00AA49F6 /* TKFAudioSession.h */,
				6DBF722C237EA9CD00AA49F6 /* TKFAudioSession.m */,
			);
			path = Session;
			sourceTree = "<group>";
		};
/* End PBXGroup section */

/* Begin PBXNativeTarget section */
		6DBF720D237EA98900AA49F6 /* AudioVideoDemo */ = {
			isa = PBXNativeTarget;
			buildConfigurationList = 6DBF7227237EA98C00AA49F6 /* Build configuration list for PBXNativeTarget "AudioVideoDemo" */;
			buildPhases = (
				6DBF720A237EA98900AA49F6 /* Sources */,
				6DBF720B237EA98900AA49F6 /* Frameworks */,
				6DBF720C237EA98900AA49F6 /* Resources */,
			);
			buildRules = (
			);
			dependencies = (
			);
			name = AudioVideoDemo;
			productName = AudioVideoDemo;
			productReference = 6DBF720E237EA98900AA49F6 /* AudioVideoDemo.app */;
			productType = "com.apple.product-type.application";
		};
/* End PBXNativeTarget section */

/* Begin PBXProject section */
		6DBF7206237EA98900AA49F6 /* Project object */ = {
			isa = PBXProject;
			attributes = {
				LastUpgradeCheck = 1120;
				ORGANIZATIONNAME = com.lizhi.tangkaifu;
				TargetAttributes = {
					6DBF720D237EA98900AA49F6 = {
						CreatedOnToolsVersion = 11.2;
					};
				};
			};
			buildConfigurationList = 6DBF7209237EA98900AA49F6 /* Build configuration list for PBXProject "AudioVideoDemo" */;
			compatibilityVersion = "Xcode 9.3";
			developmentRegion = en;
			hasScannedForEncodings = 0;
			knownRegions = (
				en,
				Base,
			);
			mainGroup = 6DBF7205237EA98900AA49F6;
			productRefGroup = 6DBF720F237EA98900AA49F6 /* Products */;
			projectDirPath = "";
			projectRoot = "";
			targets = (
				6DBF720D237EA98900AA49F6 /* AudioVideoDemo */,
			);
		};
/* End PBXProject section */

/* Begin PBXResourcesBuildPhase section */
		6DBF720C237EA98900AA49F6 /* Resources */ = {
			isa = PBXResourcesBuildPhase;
			buildActionMask = 2147483647;
			files = (
				6DBF724A237EAA1600AA49F6 /* beatsMono.caf in Resources */,
				6DBF7221237EA98C00AA49F6 /* LaunchScreen.storyboard in Resources */,
				6DBF721E237EA98C00AA49F6 /* Assets.xcassets in Resources */,
				6DBF7249237EAA1600AA49F6 /* output.aac in Resources */,
				6DBF721C237EA98900AA49F6 /* Main.storyboard in Resources */,
			);
			runOnlyForDeploymentPostprocessing = 0;
		};
/* End PBXResourcesBuildPhase section */

/* Begin PBXSourcesBuildPhase section */
		6DBF720A237EA98900AA49F6 /* Sources */ = {
			isa = PBXSourcesBuildPhase;
			buildActionMask = 2147483647;
			files = (
				6DBF7219237EA98900AA49F6 /* ViewController.m in Sources */,
				6DBF7213237EA98900AA49F6 /* AppDelegate.m in Sources */,
				6DBF723D237EA9CD00AA49F6 /* TKBaseAudio.m in Sources */,
				6DBF7242237EA9CD00AA49F6 /* TKFKTVRecordPlayer.m in Sources */,
				6DBF723E237EA9CD00AA49F6 /* TKFAudioSession.m in Sources */,
				6DBF7224237EA98C00AA49F6 /* main.m in Sources */,
				6DBF723F237EA9CD00AA49F6 /* TKFMixerAudioPlayer.m in Sources */,
				6DBF7241237EA9CD00AA49F6 /* AVAudioSession+RouteUtils.m in Sources */,
				6DBF7216237EA98900AA49F6 /* SceneDelegate.m in Sources */,
				6DBF7244237EA9CD00AA49F6 /* TKFAudioPlayer.m in Sources */,
			);
			runOnlyForDeploymentPostprocessing = 0;
		};
/* End PBXSourcesBuildPhase section */

/* Begin PBXVariantGroup section */
		6DBF721A237EA98900AA49F6 /* Main.storyboard */ = {
			isa = PBXVariantGroup;
			children = (
				6DBF721B237EA98900AA49F6 /* Base */,
			);
			name = Main.storyboard;
			sourceTree = "<group>";
		};
		6DBF721F237EA98C00AA49F6 /* LaunchScreen.storyboard */ = {
			isa = PBXVariantGroup;
			children = (
				6DBF7220237EA98C00AA49F6 /* Base */,
			);
			name = LaunchScreen.storyboard;
			sourceTree = "<group>";
		};
/* End PBXVariantGroup section */

/* Begin XCBuildConfiguration section */
		6DBF7225237EA98C00AA49F6 /* Debug */ = {
			isa = XCBuildConfiguration;
			buildSettings = {
				ALWAYS_SEARCH_USER_PATHS = NO;
				CLANG_ANALYZER_NONNULL = YES;
				CLANG_ANALYZER_NUMBER_OBJECT_CONVERSION = YES_AGGRESSIVE;
				CLANG_CXX_LANGUAGE_STANDARD = "gnu++14";
				CLANG_CXX_LIBRARY = "libc++";
				CLANG_ENABLE_MODULES = YES;
				CLANG_ENABLE_OBJC_ARC = YES;
				CLANG_ENABLE_OBJC_WEAK = YES;
				CLANG_WARN_BLOCK_CAPTURE_AUTORELEASING = YES;
				CLANG_WARN_BOOL_CONVERSION = YES;
				CLANG_WARN_COMMA = YES;
				CLANG_WARN_CONSTANT_CONVERSION = YES;
				CLANG_WARN_DEPRECATED_OBJC_IMPLEMENTATIONS = YES;
				CLANG_WARN_DIRECT_OBJC_ISA_USAGE = YES_ERROR;
				CLANG_WARN_DOCUMENTATION_COMMENTS = YES;
				CLANG_WARN_EMPTY_BODY = YES;
				CLANG_WARN_ENUM_CONVERSION = YES;
				CLANG_WARN_INFINITE_RECURSION = YES;
				CLANG_WARN_INT_CONVERSION = YES;
				CLANG_WARN_NON_LITERAL_NULL_CONVERSION = YES;
				CLANG_WARN_OBJC_IMPLICIT_RETAIN_SELF = YES;
				CLANG_WARN_OBJC_LITERAL_CONVERSION = YES;
				CLANG_WARN_OBJC_ROOT_CLASS = YES_ERROR;
				CLANG_WARN_RANGE_LOOP_ANALYSIS = YES;
				CLANG_WARN_STRICT_PROTOTYPES = YES;
				CLANG_WARN_SUSPICIOUS_MOVE = YES;
				CLANG_WARN_UNGUARDED_AVAILABILITY = YES_AGGRESSIVE;
				CLANG_WARN_UNREACHABLE_CODE = YES;
				CLANG_WARN__DUPLICATE_METHOD_MATCH = YES;
				COPY_PHASE_STRIP = NO;
				DEBUG_INFORMATION_FORMAT = dwarf;
				ENABLE_STRICT_OBJC_MSGSEND = YES;
				ENABLE_TESTABILITY = YES;
				GCC_C_LANGUAGE_STANDARD = gnu11;
				GCC_DYNAMIC_NO_PIC = NO;
				GCC_NO_COMMON_BLOCKS = YES;
				GCC_OPTIMIZATION_LEVEL = 0;
				GCC_PREPROCESSOR_DEFINITIONS = (
					"DEBUG=1",
					"$(inherited)",
				);
				GCC_WARN_64_TO_32_BIT_CONVERSION = YES;
				GCC_WARN_ABOUT_RETURN_TYPE = YES_ERROR;
				GCC_WARN_UNDECLARED_SELECTOR = YES;
				GCC_WARN_UNINITIALIZED_AUTOS = YES_AGGRESSIVE;
				GCC_WARN_UNUSED_FUNCTION = YES;
				GCC_WARN_UNUSED_VARIABLE = YES;
				IPHONEOS_DEPLOYMENT_TARGET = 13.2;
				MTL_ENABLE_DEBUG_INFO = INCLUDE_SOURCE;
				MTL_FAST_MATH = YES;
				ONLY_ACTIVE_ARCH = YES;
				SDKROOT = iphoneos;
			};
			name = Debug;
		};
		6DBF7226237EA98C00AA49F6 /* Release */ = {
			isa = XCBuildConfiguration;
			buildSettings = {
				ALWAYS_SEARCH_USER_PATHS = NO;
				CLANG_ANALYZER_NONNULL = YES;
				CLANG_ANALYZER_NUMBER_OBJECT_CONVERSION = YES_AGGRESSIVE;
				CLANG_CXX_LANGUAGE_STANDARD = "gnu++14";
				CLANG_CXX_LIBRARY = "libc++";
				CLANG_ENABLE_MODULES = YES;
				CLANG_ENABLE_OBJC_ARC = YES;
				CLANG_ENABLE_OBJC_WEAK = YES;
				CLANG_WARN_BLOCK_CAPTURE_AUTORELEASING = YES;
				CLANG_WARN_BOOL_CONVERSION = YES;
				CLANG_WARN_COMMA = YES;
				CLANG_WARN_CONSTANT_CONVERSION = YES;
				CLANG_WARN_DEPRECATED_OBJC_IMPLEMENTATIONS = YES;
				CLANG_WARN_DIRECT_OBJC_ISA_USAGE = YES_ERROR;
				CLANG_WARN_DOCUMENTATION_COMMENTS = YES;
				CLANG_WARN_EMPTY_BODY = YES;
				CLANG_WARN_ENUM_CONVERSION = YES;
				CLANG_WARN_INFINITE_RECURSION = YES;
				CLANG_WARN_INT_CONVERSION = YES;
				CLANG_WARN_NON_LITERAL_NULL_CONVERSION = YES;
				CLANG_WARN_OBJC_IMPLICIT_RETAIN_SELF = YES;
				CLANG_WARN_OBJC_LITERAL_CONVERSION = YES;
				CLANG_WARN_OBJC_ROOT_CLASS = YES_ERROR;
				CLANG_WARN_RANGE_LOOP_ANALYSIS = YES;
				CLANG_WARN_STRICT_PROTOTYPES = YES;
				CLANG_WARN_SUSPICIOUS_MOVE = YES;
				CLANG_WARN_UNGUARDED_AVAILABILITY = YES_AGGRESSIVE;
				CLANG_WARN_UNREACHABLE_CODE = YES;
				CLANG_WARN__DUPLICATE_METHOD_MATCH = YES;
				COPY_PHASE_STRIP = NO;
				DEBUG_INFORMATION_FORMAT = "dwarf-with-dsym";
				ENABLE_NS_ASSERTIONS = NO;
				ENABLE_STRICT_OBJC_MSGSEND = YES;
				GCC_C_LANGUAGE_STANDARD = gnu11;
				GCC_NO_COMMON_BLOCKS = YES;
				GCC_WARN_64_TO_32_BIT_CONVERSION = YES;
				GCC_WARN_ABOUT_RETURN_TYPE = YES_ERROR;
				GCC_WARN_UNDECLARED_SELECTOR = YES;
				GCC_WARN_UNINITIALIZED_AUTOS = YES_AGGRESSIVE;
				GCC_WARN_UNUSED_FUNCTION = YES;
				GCC_WARN_UNUSED_VARIABLE = YES;
				IPHONEOS_DEPLOYMENT_TARGET = 13.2;
				MTL_ENABLE_DEBUG_INFO = NO;
				MTL_FAST_MATH = YES;
				SDKROOT = iphoneos;
				VALIDATE_PRODUCT = YES;
			};
			name = Release;
		};
		6DBF7228237EA98C00AA49F6 /* Debug */ = {
			isa = XCBuildConfiguration;
			buildSettings = {
				ASSETCATALOG_COMPILER_APPICON_NAME = AppIcon;
				CODE_SIGN_STYLE = Automatic;
				INFOPLIST_FILE = AudioVideoDemo/Info.plist;
				LD_RUNPATH_SEARCH_PATHS = (
					"$(inherited)",
					"@executable_path/Frameworks",
				);
				PRODUCT_BUNDLE_IDENTIFIER = com.lizhi.tangkaifu.AudioVideoDemo;
				PRODUCT_NAME = "$(TARGET_NAME)";
				TARGETED_DEVICE_FAMILY = "1,2";
			};
			name = Debug;
		};
		6DBF7229237EA98C00AA49F6 /* Release */ = {
			isa = XCBuildConfiguration;
			buildSettings = {
				ASSETCATALOG_COMPILER_APPICON_NAME = AppIcon;
				CODE_SIGN_STYLE = Automatic;
				INFOPLIST_FILE = AudioVideoDemo/Info.plist;
				LD_RUNPATH_SEARCH_PATHS = (
					"$(inherited)",
					"@executable_path/Frameworks",
				);
				PRODUCT_BUNDLE_IDENTIFIER = com.lizhi.tangkaifu.AudioVideoDemo;
				PRODUCT_NAME = "$(TARGET_NAME)";
				TARGETED_DEVICE_FAMILY = "1,2";
			};
			name = Release;
		};
/* End XCBuildConfiguration section */

/* Begin XCConfigurationList section */
		6DBF7209237EA98900AA49F6 /* Build configuration list for PBXProject "AudioVideoDemo" */ = {
			isa = XCConfigurationList;
			buildConfigurations = (
				6DBF7225237EA98C00AA49F6 /* Debug */,
				6DBF7226237EA98C00AA49F6 /* Release */,
			);
			defaultConfigurationIsVisible = 0;
			defaultConfigurationName = Release;
		};
		6DBF7227237EA98C00AA49F6 /* Build configuration list for PBXNativeTarget "AudioVideoDemo" */ = {
			isa = XCConfigurationList;
			buildConfigurations = (
				6DBF7228237EA98C00AA49F6 /* Debug */,
				6DBF7229237EA98C00AA49F6 /* Release */,
			);
			defaultConfigurationIsVisible = 0;
			defaultConfigurationName = Release;
		};
/* End XCConfigurationList section */
	};
	rootObject = 6DBF7206237EA98900AA49F6 /* Project object */;
}
